
Microsoft Visual Studio Solution File, Format Version 12.00
# Visual Studio Version 17
VisualStudioVersion = 17.11.35327.3
MinimumVisualStudioVersion = 10.0.40219.1
Project("{9A19103F-16F7-4668-BE54-9A1E7A4F7556}") = "EscapeRoomMVC0.3", "EscapeRoomMVC0.3\EscapeRoomMVC0.3.csproj", "{C94B41E3-B305-426E-A48A-3409831D28CF}"
EndProject
Project("{FAE04EC0-301F-11D3-BF4B-00C04F79EFBC}") = "EscapeRoomMVC0.3.Tests", "EscapeRoomMVC0.3.Tests\EscapeRoomMVC0.3.Tests.csproj", "{C68E435D-FF7D-4CE7-A5B3-C847C1885D68}"
EndProject
Global
	GlobalSection(SolutionConfigurationPlatforms) = preSolution
		Debug|Any CPU = Debug|Any CPU
		Release|Any CPU = Release|Any CPU
	EndGlobalSection
	GlobalSection(ProjectConfigurationPlatforms) = postSolution
		{C94B41E3-B305-426E-A48A-3409831D28CF}.Debug|Any CPU.ActiveCfg = Debug|Any CPU
		{C94B41E3-B305-426E-A48A-3409831D28CF}.Debug|Any CPU.Build.0 = Debug|Any CPU
		{C94B41E3-B305-426E-A48A-3409831D28CF}.Release|Any CPU.ActiveCfg = Release|Any CPU
		{C94B41E3-B305-426E-A48A-3409831D28CF}.Release|Any CPU.Build.0 = Release|Any CPU
		{C68E435D-FF7D-4CE7-A5B3-C847C1885D68}.Debug|Any CPU.ActiveCfg = Debug|Any CPU
		{C68E435D-FF7D-4CE7-A5B3-C847C1885D68}.Debug|Any CPU.Build.0 = Debug|Any CPU
		{C68E435D-FF7D-4CE7-A5B3-C847C1885D68}.Release|Any CPU.ActiveCfg = Release|Any CPU
		{C68E435D-FF7D-4CE7-A5B3-C847C1885D68}.Release|Any CPU.Build.0 = Release|Any CPU
	EndGlobalSection
	GlobalSection(SolutionProperties) = preSolution
		HideSolutionNode = FALSE
	EndGlobalSection
	GlobalSection(ExtensibilityGlobals) = postSolution
		SolutionGuid = {6A71E7CB-9526-4CA0-9C06-426C89882AC2}
	EndGlobalSection
EndGlobal
